
Microsoft Visual Studio Solution File, Format Version 12.00
# Visual Studio Version 17
VisualStudioVersion = 17.7.34009.444
MinimumVisualStudioVersion = 10.0.40219.1
Project("{FAE04EC0-301F-11D3-BF4B-00C04F79EFBC}") = "ColasCirculares", "ColasCirculares.csproj", "{6F782BE4-7F6A-462B-AD67-88C1829057EB}"
EndProject
Global
	GlobalSection(SolutionConfigurationPlatforms) = preSolution
		Debug|Any CPU = Debug|Any CPU
		Release|Any CPU = Release|Any CPU
	EndGlobalSection
	GlobalSection(ProjectConfigurationPlatforms) = postSolution
		{6F782BE4-7F6A-462B-AD67-88C1829057EB}.Debug|Any CPU.ActiveCfg = Debug|Any CPU
		{6F782BE4-7F6A-462B-AD67-88C1829057EB}.Debug|Any CPU.Build.0 = Debug|Any CPU
		{6F782BE4-7F6A-462B-AD67-88C1829057EB}.Release|Any CPU.ActiveCfg = Release|Any CPU
		{6F782BE4-7F6A-462B-AD67-88C1829057EB}.Release|Any CPU.Build.0 = Release|Any CPU
	EndGlobalSection
	GlobalSection(SolutionProperties) = preSolution
		HideSolutionNode = FALSE
	EndGlobalSection
	GlobalSection(ExtensibilityGlobals) = postSolution
		SolutionGuid = {9C299A5E-3B16-4512-9C95-5FA9C6B9178F}
	EndGlobalSection
EndGlobal
