
Microsoft Visual Studio Solution File, Format Version 12.00
# Visual Studio Version 17
VisualStudioVersion = 17.7.34009.444
MinimumVisualStudioVersion = 10.0.40219.1
Project("{FAE04EC0-301F-11D3-BF4B-00C04F79EFBC}") = "ListasSimples", "ListasSimples.csproj", "{894919D2-21FA-4B5C-9D54-17DA0C37D5FB}"
EndProject
Global
	GlobalSection(SolutionConfigurationPlatforms) = preSolution
		Debug|Any CPU = Debug|Any CPU
		Release|Any CPU = Release|Any CPU
	EndGlobalSection
	GlobalSection(ProjectConfigurationPlatforms) = postSolution
		{894919D2-21FA-4B5C-9D54-17DA0C37D5FB}.Debug|Any CPU.ActiveCfg = Debug|Any CPU
		{894919D2-21FA-4B5C-9D54-17DA0C37D5FB}.Debug|Any CPU.Build.0 = Debug|Any CPU
		{894919D2-21FA-4B5C-9D54-17DA0C37D5FB}.Release|Any CPU.ActiveCfg = Release|Any CPU
		{894919D2-21FA-4B5C-9D54-17DA0C37D5FB}.Release|Any CPU.Build.0 = Release|Any CPU
	EndGlobalSection
	GlobalSection(SolutionProperties) = preSolution
		HideSolutionNode = FALSE
	EndGlobalSection
	GlobalSection(ExtensibilityGlobals) = postSolution
		SolutionGuid = {B8B7DA99-F168-46AD-ABE1-984ED93E7D18}
	EndGlobalSection
EndGlobal
